
Microsoft Visual Studio Solution File, Format Version 12.00
# Visual Studio Version 17
VisualStudioVersion = 17.5.33414.496
MinimumVisualStudioVersion = 10.0.40219.1
Project("{9A19103F-16F7-4668-BE54-9A1E7A4F7556}") = "Ardita", "Ardita\Ardita.csproj", "{062038D5-6B68-44F9-8A6B-B9F94A0703DD}"
EndProject
Project("{9A19103F-16F7-4668-BE54-9A1E7A4F7556}") = "Ardita.Models", "Ardita.Models\Ardita.Models.csproj", "{CDA44C70-BD6D-4E38-AD2A-1CFCDB31B943}"
EndProject
Project("{9A19103F-16F7-4668-BE54-9A1E7A4F7556}") = "Ardita.Repositories", "Ardita.Repositories\Ardita.Repositories.csproj", "{967F34AC-3BA7-4E0C-ADC6-B5873939FE31}"
EndProject
Project("{9A19103F-16F7-4668-BE54-9A1E7A4F7556}") = "Ardita.Services", "Ardita.Services\Ardita.Services.csproj", "{BAA218CE-26CF-4673-BE46-86ECB88DE93D}"
EndProject
Project("{9A19103F-16F7-4668-BE54-9A1E7A4F7556}") = "Ardita.Extensions", "Ardita.Extensions\Ardita.Extensions.csproj", "{C53C94D0-B713-4C21-B6EF-ACC1633BCD45}"
EndProject
Project("{FAE04EC0-301F-11D3-BF4B-00C04F79EFBC}") = "Ardita.Report", "Ardita.Report\Ardita.Report.csproj", "{2DCD30D0-EF1F-4A82-9AF9-790EDFC3F452}"
EndProject
Global
	GlobalSection(SolutionConfigurationPlatforms) = preSolution
		Debug|Any CPU = Debug|Any CPU
		Release|Any CPU = Release|Any CPU
	EndGlobalSection
	GlobalSection(ProjectConfigurationPlatforms) = postSolution
		{062038D5-6B68-44F9-8A6B-B9F94A0703DD}.Debug|Any CPU.ActiveCfg = Debug|Any CPU
		{062038D5-6B68-44F9-8A6B-B9F94A0703DD}.Debug|Any CPU.Build.0 = Debug|Any CPU
		{062038D5-6B68-44F9-8A6B-B9F94A0703DD}.Release|Any CPU.ActiveCfg = Release|Any CPU
		{062038D5-6B68-44F9-8A6B-B9F94A0703DD}.Release|Any CPU.Build.0 = Release|Any CPU
		{CDA44C70-BD6D-4E38-AD2A-1CFCDB31B943}.Debug|Any CPU.ActiveCfg = Debug|Any CPU
		{CDA44C70-BD6D-4E38-AD2A-1CFCDB31B943}.Debug|Any CPU.Build.0 = Debug|Any CPU
		{CDA44C70-BD6D-4E38-AD2A-1CFCDB31B943}.Release|Any CPU.ActiveCfg = Release|Any CPU
		{CDA44C70-BD6D-4E38-AD2A-1CFCDB31B943}.Release|Any CPU.Build.0 = Release|Any CPU
		{967F34AC-3BA7-4E0C-ADC6-B5873939FE31}.Debug|Any CPU.ActiveCfg = Debug|Any CPU
		{967F34AC-3BA7-4E0C-ADC6-B5873939FE31}.Debug|Any CPU.Build.0 = Debug|Any CPU
		{967F34AC-3BA7-4E0C-ADC6-B5873939FE31}.Release|Any CPU.ActiveCfg = Release|Any CPU
		{967F34AC-3BA7-4E0C-ADC6-B5873939FE31}.Release|Any CPU.Build.0 = Release|Any CPU
		{BAA218CE-26CF-4673-BE46-86ECB88DE93D}.Debug|Any CPU.ActiveCfg = Debug|Any CPU
		{BAA218CE-26CF-4673-BE46-86ECB88DE93D}.Debug|Any CPU.Build.0 = Debug|Any CPU
		{BAA218CE-26CF-4673-BE46-86ECB88DE93D}.Release|Any CPU.ActiveCfg = Release|Any CPU
		{BAA218CE-26CF-4673-BE46-86ECB88DE93D}.Release|Any CPU.Build.0 = Release|Any CPU
		{C53C94D0-B713-4C21-B6EF-ACC1633BCD45}.Debug|Any CPU.ActiveCfg = Debug|Any CPU
		{C53C94D0-B713-4C21-B6EF-ACC1633BCD45}.Debug|Any CPU.Build.0 = Debug|Any CPU
		{C53C94D0-B713-4C21-B6EF-ACC1633BCD45}.Release|Any CPU.ActiveCfg = Release|Any CPU
		{C53C94D0-B713-4C21-B6EF-ACC1633BCD45}.Release|Any CPU.Build.0 = Release|Any CPU
		{2DCD30D0-EF1F-4A82-9AF9-790EDFC3F452}.Debug|Any CPU.ActiveCfg = Debug|Any CPU
		{2DCD30D0-EF1F-4A82-9AF9-790EDFC3F452}.Debug|Any CPU.Build.0 = Debug|Any CPU
		{2DCD30D0-EF1F-4A82-9AF9-790EDFC3F452}.Release|Any CPU.ActiveCfg = Release|Any CPU
		{2DCD30D0-EF1F-4A82-9AF9-790EDFC3F452}.Release|Any CPU.Build.0 = Release|Any CPU
	EndGlobalSection
	GlobalSection(SolutionProperties) = preSolution
		HideSolutionNode = FALSE
	EndGlobalSection
	GlobalSection(ExtensibilityGlobals) = postSolution
		SolutionGuid = {CC779014-2A30-48EF-A11C-CA794D9F48E4}
	EndGlobalSection
EndGlobal
